
Microsoft Visual Studio Solution File, Format Version 12.00
# Visual Studio Version 16
VisualStudioVersion = 25.0.1706.5
MinimumVisualStudioVersion = 10.0.40219.1
Project("{FAE04EC0-301F-11D3-BF4B-00C04F79EFBC}") = "Robot VS Dinosaur", "Robot VS Dinosaur\Robot VS Dinosaur.csproj", "{FC7C5EF5-3F4E-4206-A1DC-548A07A20EF0}"
EndProject
Global
	GlobalSection(SolutionConfigurationPlatforms) = preSolution
		Debug|Any CPU = Debug|Any CPU
		Release|Any CPU = Release|Any CPU
	EndGlobalSection
	GlobalSection(ProjectConfigurationPlatforms) = postSolution
		{FC7C5EF5-3F4E-4206-A1DC-548A07A20EF0}.Debug|Any CPU.ActiveCfg = Debug|Any CPU
		{FC7C5EF5-3F4E-4206-A1DC-548A07A20EF0}.Debug|Any CPU.Build.0 = Debug|Any CPU
		{FC7C5EF5-3F4E-4206-A1DC-548A07A20EF0}.Release|Any CPU.ActiveCfg = Release|Any CPU
		{FC7C5EF5-3F4E-4206-A1DC-548A07A20EF0}.Release|Any CPU.Build.0 = Release|Any CPU
	EndGlobalSection
	GlobalSection(SolutionProperties) = preSolution
		HideSolutionNode = FALSE
	EndGlobalSection
	GlobalSection(ExtensibilityGlobals) = postSolution
		SolutionGuid = {C4E3F0E4-537B-4BBD-8E9E-7B70D839ABD1}
	EndGlobalSection
EndGlobal
